// !$*UTF8*$!
{
	archiveVersion = 1;
	classes = {
	};
	objectVersion = 46;
	objects = {

/* Begin PBXFileReference section */
		E5EFD9C919D65D63000C179F /* Store.c */ = {isa = PBXFileReference; lastKnownFileType = sourcecode.c.c; path = Store.c; sourceTree = "<group>"; };
		E5EFD9CA19D65D63000C179F /* Store.h */ = {isa = PBXFileReference; lastKnownFileType = sourcecode.c.h; name = Store.h; path = ../../../../../../../../../Users/TimurMahammadov/Data_Structure/timurmahammadov/GroceryStore.java/Store.h; sourceTree = SDKROOT; };
/* End PBXFileReference section */

/* Begin PBXGroup section */
		E5EFD9C219D65CEF000C179F = {
			isa = PBXGroup;
			children = (
				E5EFD9C919D65D63000C179F /* Store.c */,
				E5EFD9CA19D65D63000C179F /* Store.h */,
			);
			sourceTree = "<group>";
		};
/* End PBXGroup section */

/* Begin PBXProject section */
		E5EFD9C319D65CEF000C179F /* Project object */ = {
			isa = PBXProject;
			attributes = {
				LastUpgradeCheck = 0610;
			};
			buildConfigurationList = E5EFD9C619D65CEF000C179F /* Build configuration list for PBXProject "GroceryStore.java" */;
			compatibilityVersion = "Xcode 3.2";
			developmentRegion = English;
			hasScannedForEncodings = 0;
			knownRegions = (
				en,
			);
			mainGroup = E5EFD9C219D65CEF000C179F;
			projectDirPath = "";
			projectRoot = "";
			targets = (
			);
		};
/* End PBXProject section */

/* Begin XCBuildConfiguration section */
		E5EFD9C719D65CEF000C179F /* Debug */ = {
			isa = XCBuildConfiguration;
			buildSettings = {
			};
			name = Debug;
		};
		E5EFD9C819D65CEF000C179F /* Release */ = {
			isa = XCBuildConfiguration;
			buildSettings = {
			};
			name = Release;
		};
/* End XCBuildConfiguration section */

/* Begin XCConfigurationList section */
		E5EFD9C619D65CEF000C179F /* Build configuration list for PBXProject "GroceryStore.java" */ = {
			isa = XCConfigurationList;
			buildConfigurations = (
				E5EFD9C719D65CEF000C179F /* Debug */,
				E5EFD9C819D65CEF000C179F /* Release */,
			);
			defaultConfigurationIsVisible = 0;
			defaultConfigurationName = Release;
		};
/* End XCConfigurationList section */
	};
	rootObject = E5EFD9C319D65CEF000C179F /* Project object */;
}
